
Microsoft Visual Studio Solution File, Format Version 12.00
# Visual Studio Version 17
VisualStudioVersion = 17.10.34605.171
MinimumVisualStudioVersion = 10.0.40219.1
Project("{9A19103F-16F7-4668-BE54-9A1E7A4F7556}") = "SimpleCommandBinding", "SimpleCommandBinding\SimpleCommandBinding.csproj", "{66BF94D3-3BA9-4F88-8FA8-00AF1702D84B}"
EndProject
Project("{9A19103F-16F7-4668-BE54-9A1E7A4F7556}") = "SimpleConsoleApp", "SimpleConsoleApp\SimpleConsoleApp.csproj", "{A274BBF9-BF78-4034-A6F8-D1F816A2BF37}"
EndProject
Project("{2150E333-8FDC-42A3-9474-1A3956D46DE8}") = "_SolutionItems", "_SolutionItems", "{528D5674-F9FC-4E85-A9D7-D21BD8AD4C85}"
	ProjectSection(SolutionItems) = preProject
		..\DisSig.bat = ..\DisSig.bat
		..\NuGet.config = ..\NuGet.config
	EndProjectSection
EndProject
Global
	GlobalSection(SolutionConfigurationPlatforms) = preSolution
		Debug|Any CPU = Debug|Any CPU
		Release|Any CPU = Release|Any CPU
	EndGlobalSection
	GlobalSection(ProjectConfigurationPlatforms) = postSolution
		{66BF94D3-3BA9-4F88-8FA8-00AF1702D84B}.Debug|Any CPU.ActiveCfg = Debug|Any CPU
		{66BF94D3-3BA9-4F88-8FA8-00AF1702D84B}.Debug|Any CPU.Build.0 = Debug|Any CPU
		{66BF94D3-3BA9-4F88-8FA8-00AF1702D84B}.Release|Any CPU.ActiveCfg = Release|Any CPU
		{66BF94D3-3BA9-4F88-8FA8-00AF1702D84B}.Release|Any CPU.Build.0 = Release|Any CPU
		{A274BBF9-BF78-4034-A6F8-D1F816A2BF37}.Debug|Any CPU.ActiveCfg = Debug|Any CPU
		{A274BBF9-BF78-4034-A6F8-D1F816A2BF37}.Debug|Any CPU.Build.0 = Debug|Any CPU
		{A274BBF9-BF78-4034-A6F8-D1F816A2BF37}.Release|Any CPU.ActiveCfg = Release|Any CPU
		{A274BBF9-BF78-4034-A6F8-D1F816A2BF37}.Release|Any CPU.Build.0 = Release|Any CPU
	EndGlobalSection
	GlobalSection(SolutionProperties) = preSolution
		HideSolutionNode = FALSE
	EndGlobalSection
	GlobalSection(ExtensibilityGlobals) = postSolution
		SolutionGuid = {223D0818-AD8F-4CE9-A33A-E0483769A49A}
	EndGlobalSection
EndGlobal
